
Microsoft Visual Studio Solution File, Format Version 12.00
# Visual Studio Version 17
VisualStudioVersion = 17.7.34202.233
MinimumVisualStudioVersion = 10.0.40219.1
Project("{FAE04EC0-301F-11D3-BF4B-00C04F79EFBC}") = "DatStHafta1.2", "DatStHafta1.2\DatStHafta1.2.csproj", "{43A4DD00-4C68-4646-924D-9C11176162F2}"
EndProject
Global
	GlobalSection(SolutionConfigurationPlatforms) = preSolution
		Debug|Any CPU = Debug|Any CPU
		Release|Any CPU = Release|Any CPU
	EndGlobalSection
	GlobalSection(ProjectConfigurationPlatforms) = postSolution
		{43A4DD00-4C68-4646-924D-9C11176162F2}.Debug|Any CPU.ActiveCfg = Debug|Any CPU
		{43A4DD00-4C68-4646-924D-9C11176162F2}.Debug|Any CPU.Build.0 = Debug|Any CPU
		{43A4DD00-4C68-4646-924D-9C11176162F2}.Release|Any CPU.ActiveCfg = Release|Any CPU
		{43A4DD00-4C68-4646-924D-9C11176162F2}.Release|Any CPU.Build.0 = Release|Any CPU
	EndGlobalSection
	GlobalSection(SolutionProperties) = preSolution
		HideSolutionNode = FALSE
	EndGlobalSection
	GlobalSection(ExtensibilityGlobals) = postSolution
		SolutionGuid = {E32BABEF-AF8B-46B7-861A-97A9D8ACB14F}
	EndGlobalSection
EndGlobal
