
Microsoft Visual Studio Solution File, Format Version 12.00
# Visual Studio Version 17
VisualStudioVersion = 17.7.34202.233
MinimumVisualStudioVersion = 10.0.40219.1
Project("{FAE04EC0-301F-11D3-BF4B-00C04F79EFBC}") = "DataStLab9", "DataStLab9\DataStLab9.csproj", "{73DE9067-1940-4107-B2E0-26FDC64B8175}"
EndProject
Global
	GlobalSection(SolutionConfigurationPlatforms) = preSolution
		Debug|Any CPU = Debug|Any CPU
		Release|Any CPU = Release|Any CPU
	EndGlobalSection
	GlobalSection(ProjectConfigurationPlatforms) = postSolution
		{73DE9067-1940-4107-B2E0-26FDC64B8175}.Debug|Any CPU.ActiveCfg = Debug|Any CPU
		{73DE9067-1940-4107-B2E0-26FDC64B8175}.Debug|Any CPU.Build.0 = Debug|Any CPU
		{73DE9067-1940-4107-B2E0-26FDC64B8175}.Release|Any CPU.ActiveCfg = Release|Any CPU
		{73DE9067-1940-4107-B2E0-26FDC64B8175}.Release|Any CPU.Build.0 = Release|Any CPU
	EndGlobalSection
	GlobalSection(SolutionProperties) = preSolution
		HideSolutionNode = FALSE
	EndGlobalSection
	GlobalSection(ExtensibilityGlobals) = postSolution
		SolutionGuid = {693E422A-8C45-4738-938C-94BCC35A2EC8}
	EndGlobalSection
EndGlobal
